
Microsoft Visual Studio Solution File, Format Version 12.00
# Visual Studio 15
VisualStudioVersion = 15.0.28307.421
MinimumVisualStudioVersion = 10.0.40219.1
Project("{8BC9CEB8-8B4A-11D0-8D11-00A0C91BC942}") = "PizzaSlicer", "PizzaSlicer\PizzaSlicer.vcxproj", "{EA824AE7-A4E1-4639-AE96-63D50638055A}"
EndProject
Global
	GlobalSection(SolutionConfigurationPlatforms) = preSolution
		Debug|x64 = Debug|x64
		Debug|x86 = Debug|x86
		Release|x64 = Release|x64
		Release|x86 = Release|x86
	EndGlobalSection
	GlobalSection(ProjectConfigurationPlatforms) = postSolution
		{EA824AE7-A4E1-4639-AE96-63D50638055A}.Debug|x64.ActiveCfg = Debug|x64
		{EA824AE7-A4E1-4639-AE96-63D50638055A}.Debug|x64.Build.0 = Debug|x64
		{EA824AE7-A4E1-4639-AE96-63D50638055A}.Debug|x86.ActiveCfg = Debug|Win32
		{EA824AE7-A4E1-4639-AE96-63D50638055A}.Debug|x86.Build.0 = Debug|Win32
		{EA824AE7-A4E1-4639-AE96-63D50638055A}.Release|x64.ActiveCfg = Release|x64
		{EA824AE7-A4E1-4639-AE96-63D50638055A}.Release|x64.Build.0 = Release|x64
		{EA824AE7-A4E1-4639-AE96-63D50638055A}.Release|x86.ActiveCfg = Release|Win32
		{EA824AE7-A4E1-4639-AE96-63D50638055A}.Release|x86.Build.0 = Release|Win32
	EndGlobalSection
	GlobalSection(SolutionProperties) = preSolution
		HideSolutionNode = FALSE
	EndGlobalSection
	GlobalSection(ExtensibilityGlobals) = postSolution
		SolutionGuid = {E2A9E717-A13B-44E1-9F80-679DC5420A61}
	EndGlobalSection
EndGlobal
